
Microsoft Visual Studio Solution File, Format Version 12.00
# Visual Studio 2013
VisualStudioVersion = 12.0.21005.1
MinimumVisualStudioVersion = 10.0.40219.1
Project("{FAE04EC0-301F-11D3-BF4B-00C04F79EFBC}") = "NguyenTranTheVy_2033216610_code", "ConsoleApplication1\NguyenTranTheVy_2033216610_code.csproj", "{2E9EDF18-4AB7-4F8C-8A2D-850BC87A7C0B}"
EndProject
Project("{FAE04EC0-301F-11D3-BF4B-00C04F79EFBC}") = "TongPhanTuTrongMangACoSoNguyen", "TongPhanTuTrongMangACoSoNguyen\TongPhanTuTrongMangACoSoNguyen.csproj", "{78DFED5C-726C-44CC-823F-1BB3AFEF4ACA}"
EndProject
Global
	GlobalSection(SolutionConfigurationPlatforms) = preSolution
		Debug|Any CPU = Debug|Any CPU
		Release|Any CPU = Release|Any CPU
	EndGlobalSection
	GlobalSection(ProjectConfigurationPlatforms) = postSolution
		{2E9EDF18-4AB7-4F8C-8A2D-850BC87A7C0B}.Debug|Any CPU.ActiveCfg = Debug|Any CPU
		{2E9EDF18-4AB7-4F8C-8A2D-850BC87A7C0B}.Debug|Any CPU.Build.0 = Debug|Any CPU
		{2E9EDF18-4AB7-4F8C-8A2D-850BC87A7C0B}.Release|Any CPU.ActiveCfg = Release|Any CPU
		{2E9EDF18-4AB7-4F8C-8A2D-850BC87A7C0B}.Release|Any CPU.Build.0 = Release|Any CPU
		{78DFED5C-726C-44CC-823F-1BB3AFEF4ACA}.Debug|Any CPU.ActiveCfg = Debug|Any CPU
		{78DFED5C-726C-44CC-823F-1BB3AFEF4ACA}.Debug|Any CPU.Build.0 = Debug|Any CPU
		{78DFED5C-726C-44CC-823F-1BB3AFEF4ACA}.Release|Any CPU.ActiveCfg = Release|Any CPU
		{78DFED5C-726C-44CC-823F-1BB3AFEF4ACA}.Release|Any CPU.Build.0 = Release|Any CPU
	EndGlobalSection
	GlobalSection(SolutionProperties) = preSolution
		HideSolutionNode = FALSE
	EndGlobalSection
EndGlobal
